
Microsoft Visual Studio Solution File, Format Version 12.00
# Visual Studio Version 17
VisualStudioVersion = 17.6.33815.320
MinimumVisualStudioVersion = 10.0.40219.1
Project("{FAE04EC0-301F-11D3-BF4B-00C04F79EFBC}") = "QuickActions.Api", "QuickActions.Api\QuickActions.Api.csproj", "{F7A6A8BE-ABB3-431A-B89F-BAFFE1D05934}"
EndProject
Project("{FAE04EC0-301F-11D3-BF4B-00C04F79EFBC}") = "QuickActions.Common", "QuickActions.Domains\QuickActions.Common.csproj", "{FCF551D2-6FDE-41BF-9DA4-AD912BE124BB}"
EndProject
Global
	GlobalSection(SolutionConfigurationPlatforms) = preSolution
		Debug|Any CPU = Debug|Any CPU
		Release|Any CPU = Release|Any CPU
	EndGlobalSection
	GlobalSection(ProjectConfigurationPlatforms) = postSolution
		{F7A6A8BE-ABB3-431A-B89F-BAFFE1D05934}.Debug|Any CPU.ActiveCfg = Debug|Any CPU
		{F7A6A8BE-ABB3-431A-B89F-BAFFE1D05934}.Debug|Any CPU.Build.0 = Debug|Any CPU
		{F7A6A8BE-ABB3-431A-B89F-BAFFE1D05934}.Release|Any CPU.ActiveCfg = Release|Any CPU
		{F7A6A8BE-ABB3-431A-B89F-BAFFE1D05934}.Release|Any CPU.Build.0 = Release|Any CPU
		{FCF551D2-6FDE-41BF-9DA4-AD912BE124BB}.Debug|Any CPU.ActiveCfg = Debug|Any CPU
		{FCF551D2-6FDE-41BF-9DA4-AD912BE124BB}.Debug|Any CPU.Build.0 = Debug|Any CPU
		{FCF551D2-6FDE-41BF-9DA4-AD912BE124BB}.Release|Any CPU.ActiveCfg = Release|Any CPU
		{FCF551D2-6FDE-41BF-9DA4-AD912BE124BB}.Release|Any CPU.Build.0 = Release|Any CPU
	EndGlobalSection
	GlobalSection(SolutionProperties) = preSolution
		HideSolutionNode = FALSE
	EndGlobalSection
	GlobalSection(ExtensibilityGlobals) = postSolution
		SolutionGuid = {5EAA53E8-543B-4072-9E7F-29F32F93CA05}
	EndGlobalSection
EndGlobal
